
Microsoft Visual Studio Solution File, Format Version 12.00
# Visual Studio Version 17
VisualStudioVersion = 17.13.35931.197 d17.13
MinimumVisualStudioVersion = 10.0.40219.1
Project("{FAE04EC0-301F-11D3-BF4B-00C04F79EFBC}") = "AAL", "AAL\AAL.csproj", "{EF398B9A-4F4C-41F1-9608-235C152045F4}"
EndProject
Project("{FAE04EC0-301F-11D3-BF4B-00C04F79EFBC}") = "BLL", "BLL\BLL.csproj", "{BB7143F4-4D92-479C-8676-B92B38A1002D}"
EndProject
Project("{FAE04EC0-301F-11D3-BF4B-00C04F79EFBC}") = "DAL", "DAL\DAL.csproj", "{FE03A074-C759-4CBC-A286-32BB7DA61C62}"
EndProject
Global
	GlobalSection(SolutionConfigurationPlatforms) = preSolution
		Debug|Any CPU = Debug|Any CPU
		Release|Any CPU = Release|Any CPU
	EndGlobalSection
	GlobalSection(ProjectConfigurationPlatforms) = postSolution
		{EF398B9A-4F4C-41F1-9608-235C152045F4}.Debug|Any CPU.ActiveCfg = Debug|Any CPU
		{EF398B9A-4F4C-41F1-9608-235C152045F4}.Debug|Any CPU.Build.0 = Debug|Any CPU
		{EF398B9A-4F4C-41F1-9608-235C152045F4}.Release|Any CPU.ActiveCfg = Release|Any CPU
		{EF398B9A-4F4C-41F1-9608-235C152045F4}.Release|Any CPU.Build.0 = Release|Any CPU
		{BB7143F4-4D92-479C-8676-B92B38A1002D}.Debug|Any CPU.ActiveCfg = Debug|Any CPU
		{BB7143F4-4D92-479C-8676-B92B38A1002D}.Debug|Any CPU.Build.0 = Debug|Any CPU
		{BB7143F4-4D92-479C-8676-B92B38A1002D}.Release|Any CPU.ActiveCfg = Release|Any CPU
		{BB7143F4-4D92-479C-8676-B92B38A1002D}.Release|Any CPU.Build.0 = Release|Any CPU
		{FE03A074-C759-4CBC-A286-32BB7DA61C62}.Debug|Any CPU.ActiveCfg = Debug|Any CPU
		{FE03A074-C759-4CBC-A286-32BB7DA61C62}.Debug|Any CPU.Build.0 = Debug|Any CPU
		{FE03A074-C759-4CBC-A286-32BB7DA61C62}.Release|Any CPU.ActiveCfg = Release|Any CPU
		{FE03A074-C759-4CBC-A286-32BB7DA61C62}.Release|Any CPU.Build.0 = Release|Any CPU
	EndGlobalSection
	GlobalSection(SolutionProperties) = preSolution
		HideSolutionNode = FALSE
	EndGlobalSection
	GlobalSection(ExtensibilityGlobals) = postSolution
		SolutionGuid = {AD492CB6-D16B-4F42-9CBF-E26400F57F6F}
	EndGlobalSection
EndGlobal
